
Microsoft Visual Studio Solution File, Format Version 12.00
# Visual Studio Version 17
VisualStudioVersion = 17.0.32014.148
MinimumVisualStudioVersion = 10.0.40219.1
Project("{9A19103F-16F7-4668-BE54-9A1E7A4F7556}") = "E-Commerce", "E-Commerce.csproj", "{50B5CCBD-311E-4A15-95A4-FF37AE4729CF}"
EndProject
Global
	GlobalSection(SolutionConfigurationPlatforms) = preSolution
		Debug|Any CPU = Debug|Any CPU
		Release|Any CPU = Release|Any CPU
	EndGlobalSection
	GlobalSection(ProjectConfigurationPlatforms) = postSolution
		{50B5CCBD-311E-4A15-95A4-FF37AE4729CF}.Debug|Any CPU.ActiveCfg = Debug|Any CPU
		{50B5CCBD-311E-4A15-95A4-FF37AE4729CF}.Debug|Any CPU.Build.0 = Debug|Any CPU
		{50B5CCBD-311E-4A15-95A4-FF37AE4729CF}.Release|Any CPU.ActiveCfg = Release|Any CPU
		{50B5CCBD-311E-4A15-95A4-FF37AE4729CF}.Release|Any CPU.Build.0 = Release|Any CPU
	EndGlobalSection
	GlobalSection(SolutionProperties) = preSolution
		HideSolutionNode = FALSE
	EndGlobalSection
	GlobalSection(ExtensibilityGlobals) = postSolution
		SolutionGuid = {D6132FBB-0BFD-4984-9447-9047C50A4C62}
	EndGlobalSection
EndGlobal
